
Microsoft Visual Studio Solution File, Format Version 12.00
# Visual Studio Version 17
VisualStudioVersion = 17.7.34031.279
MinimumVisualStudioVersion = 10.0.40219.1
Project("{FAE04EC0-301F-11D3-BF4B-00C04F79EFBC}") = "Hasan.Badr harjoitus6", "Hasan.Badr harjoitus6.csproj", "{F5FF84A1-8A5A-4FC6-B56A-E638CFAC7BF1}"
EndProject
Global
	GlobalSection(SolutionConfigurationPlatforms) = preSolution
		Debug|Any CPU = Debug|Any CPU
		Release|Any CPU = Release|Any CPU
	EndGlobalSection
	GlobalSection(ProjectConfigurationPlatforms) = postSolution
		{F5FF84A1-8A5A-4FC6-B56A-E638CFAC7BF1}.Debug|Any CPU.ActiveCfg = Debug|Any CPU
		{F5FF84A1-8A5A-4FC6-B56A-E638CFAC7BF1}.Debug|Any CPU.Build.0 = Debug|Any CPU
		{F5FF84A1-8A5A-4FC6-B56A-E638CFAC7BF1}.Release|Any CPU.ActiveCfg = Release|Any CPU
		{F5FF84A1-8A5A-4FC6-B56A-E638CFAC7BF1}.Release|Any CPU.Build.0 = Release|Any CPU
	EndGlobalSection
	GlobalSection(SolutionProperties) = preSolution
		HideSolutionNode = FALSE
	EndGlobalSection
	GlobalSection(ExtensibilityGlobals) = postSolution
		SolutionGuid = {A61CA0D5-929A-4A63-8C21-E9E1EFF7B6E4}
	EndGlobalSection
EndGlobal
